
Microsoft Visual Studio Solution File, Format Version 12.00
# Visual Studio Version 16
VisualStudioVersion = 16.0.31105.61
MinimumVisualStudioVersion = 10.0.40219.1
Project("{8BC9CEB8-8B4A-11D0-8D11-00A0C91BC942}") = "AtmosphereSim", "YoutubeOpenGL.vcxproj", "{D94349FD-5460-401F-9D7A-1CEDAAC766A5}"
EndProject
Project("{8BC9CEB8-8B4A-11D0-8D11-00A0C91BC942}") = "AtmSimDll", "..\AtmSimDll\AtmSimDll.vcxproj", "{F1664B65-D24A-4599-92B4-3A407D5031B8}"
EndProject
Project("{FAE04EC0-301F-11D3-BF4B-00C04F79EFBC}") = "WinFormAtmSim", "..\WinFormAtmSim\WinFormAtmSim.csproj", "{8B7D5DF0-87EB-4DB0-8D7B-96747A83734B}"
EndProject
Global
	GlobalSection(SolutionConfigurationPlatforms) = preSolution
		Debug|Any CPU = Debug|Any CPU
		Debug|x64 = Debug|x64
		Debug|x86 = Debug|x86
		Release|Any CPU = Release|Any CPU
		Release|x64 = Release|x64
		Release|x86 = Release|x86
	EndGlobalSection
	GlobalSection(ProjectConfigurationPlatforms) = postSolution
		{D94349FD-5460-401F-9D7A-1CEDAAC766A5}.Debug|Any CPU.ActiveCfg = Debug|Win32
		{D94349FD-5460-401F-9D7A-1CEDAAC766A5}.Debug|x64.ActiveCfg = Debug|x64
		{D94349FD-5460-401F-9D7A-1CEDAAC766A5}.Debug|x64.Build.0 = Debug|x64
		{D94349FD-5460-401F-9D7A-1CEDAAC766A5}.Debug|x86.ActiveCfg = Debug|Win32
		{D94349FD-5460-401F-9D7A-1CEDAAC766A5}.Debug|x86.Build.0 = Debug|Win32
		{D94349FD-5460-401F-9D7A-1CEDAAC766A5}.Release|Any CPU.ActiveCfg = Release|Win32
		{D94349FD-5460-401F-9D7A-1CEDAAC766A5}.Release|x64.ActiveCfg = Release|x64
		{D94349FD-5460-401F-9D7A-1CEDAAC766A5}.Release|x64.Build.0 = Release|x64
		{D94349FD-5460-401F-9D7A-1CEDAAC766A5}.Release|x86.ActiveCfg = Release|Win32
		{D94349FD-5460-401F-9D7A-1CEDAAC766A5}.Release|x86.Build.0 = Release|Win32
		{F1664B65-D24A-4599-92B4-3A407D5031B8}.Debug|Any CPU.ActiveCfg = Debug|Win32
		{F1664B65-D24A-4599-92B4-3A407D5031B8}.Debug|x64.ActiveCfg = Debug|x64
		{F1664B65-D24A-4599-92B4-3A407D5031B8}.Debug|x64.Build.0 = Debug|x64
		{F1664B65-D24A-4599-92B4-3A407D5031B8}.Debug|x86.ActiveCfg = Debug|Win32
		{F1664B65-D24A-4599-92B4-3A407D5031B8}.Debug|x86.Build.0 = Debug|Win32
		{F1664B65-D24A-4599-92B4-3A407D5031B8}.Release|Any CPU.ActiveCfg = Release|Win32
		{F1664B65-D24A-4599-92B4-3A407D5031B8}.Release|x64.ActiveCfg = Release|x64
		{F1664B65-D24A-4599-92B4-3A407D5031B8}.Release|x64.Build.0 = Release|x64
		{F1664B65-D24A-4599-92B4-3A407D5031B8}.Release|x86.ActiveCfg = Release|Win32
		{F1664B65-D24A-4599-92B4-3A407D5031B8}.Release|x86.Build.0 = Release|Win32
		{8B7D5DF0-87EB-4DB0-8D7B-96747A83734B}.Debug|Any CPU.ActiveCfg = Debug|Any CPU
		{8B7D5DF0-87EB-4DB0-8D7B-96747A83734B}.Debug|Any CPU.Build.0 = Debug|Any CPU
		{8B7D5DF0-87EB-4DB0-8D7B-96747A83734B}.Debug|x64.ActiveCfg = Debug|Any CPU
		{8B7D5DF0-87EB-4DB0-8D7B-96747A83734B}.Debug|x64.Build.0 = Debug|Any CPU
		{8B7D5DF0-87EB-4DB0-8D7B-96747A83734B}.Debug|x86.ActiveCfg = Debug|Any CPU
		{8B7D5DF0-87EB-4DB0-8D7B-96747A83734B}.Debug|x86.Build.0 = Debug|Any CPU
		{8B7D5DF0-87EB-4DB0-8D7B-96747A83734B}.Release|Any CPU.ActiveCfg = Release|Any CPU
		{8B7D5DF0-87EB-4DB0-8D7B-96747A83734B}.Release|Any CPU.Build.0 = Release|Any CPU
		{8B7D5DF0-87EB-4DB0-8D7B-96747A83734B}.Release|x64.ActiveCfg = Release|Any CPU
		{8B7D5DF0-87EB-4DB0-8D7B-96747A83734B}.Release|x64.Build.0 = Release|Any CPU
		{8B7D5DF0-87EB-4DB0-8D7B-96747A83734B}.Release|x86.ActiveCfg = Release|Any CPU
		{8B7D5DF0-87EB-4DB0-8D7B-96747A83734B}.Release|x86.Build.0 = Release|Any CPU
	EndGlobalSection
	GlobalSection(SolutionProperties) = preSolution
		HideSolutionNode = FALSE
	EndGlobalSection
	GlobalSection(ExtensibilityGlobals) = postSolution
		SolutionGuid = {220D8F85-559A-45F7-9CC7-75ADB3905029}
	EndGlobalSection
EndGlobal
